// !$*UTF8*$!
{
	archiveVersion = 1;
	classes = {
	};
	objectVersion = 50;
	objects = {

/* Begin PBXBuildFile section */
		B15F0D8E264CD2F5005E1C52 /* AppDelegate.m in Sources */ = {isa = PBXBuildFile; fileRef = B15F0D8D264CD2F5005E1C52 /* AppDelegate.m */; };
		B15F0D91264CD2F5005E1C52 /* SceneDelegate.m in Sources */ = {isa = PBXBuildFile; fileRef = B15F0D90264CD2F5005E1C52 /* SceneDelegate.m */; };
		B15F0D94264CD2F5005E1C52 /* ViewController.m in Sources */ = {isa = PBXBuildFile; fileRef = B15F0D93264CD2F5005E1C52 /* ViewController.m */; };
		B15F0D97264CD2F5005E1C52 /* Main.storyboard in Resources */ = {isa = PBXBuildFile; fileRef = B15F0D95264CD2F5005E1C52 /* Main.storyboard */; };
		B15F0D99264CD2F6005E1C52 /* Assets.xcassets in Resources */ = {isa = PBXBuildFile; fileRef = B15F0D98264CD2F6005E1C52 /* Assets.xcassets */; };
		B15F0D9C264CD2F6005E1C52 /* LaunchScreen.storyboard in Resources */ = {isa = PBXBuildFile; fileRef = B15F0D9A264CD2F6005E1C52 /* LaunchScreen.storyboard */; };
		B15F0D9F264CD2F6005E1C52 /* main.m in Sources */ = {isa = PBXBuildFile; fileRef = B15F0D9E264CD2F6005E1C52 /* main.m */; };
		B15F0DA8264CD306005E1C52 /* JYTimer.m in Sources */ = {isa = PBXBuildFile; fileRef = B15F0DA6264CD306005E1C52 /* JYTimer.m */; };
/* End PBXBuildFile section */

/* Begin PBXFileReference section */
		B15F0D89264CD2F5005E1C52 /* GCDTimer.app */ = {isa = PBXFileReference; explicitFileType = wrapper.application; includeInIndex = 0; path = GCDTimer.app; sourceTree = BUILT_PRODUCTS_DIR; };
		B15F0D8C264CD2F5005E1C52 /* AppDelegate.h */ = {isa = PBXFileReference; lastKnownFileType = sourcecode.c.h; path = AppDelegate.h; sourceTree = "<group>"; };
		B15F0D8D264CD2F5005E1C52 /* AppDelegate.m */ = {isa = PBXFileReference; lastKnownFileType = sourcecode.c.objc; path = AppDelegate.m; sourceTree = "<group>"; };
		B15F0D8F264CD2F5005E1C52 /* SceneDelegate.h */ = {isa = PBXFileReference; lastKnownFileType = sourcecode.c.h; path = SceneDelegate.h; sourceTree = "<group>"; };
		B15F0D90264CD2F5005E1C52 /* SceneDelegate.m */ = {isa = PBXFileReference; lastKnownFileType = sourcecode.c.objc; path = SceneDelegate.m; sourceTree = "<group>"; };
		B15F0D92264CD2F5005E1C52 /* ViewController.h */ = {isa = PBXFileReference; lastKnownFileType = sourcecode.c.h; path = ViewController.h; sourceTree = "<group>"; };
		B15F0D93264CD2F5005E1C52 /* ViewController.m */ = {isa = PBXFileReference; lastKnownFileType = sourcecode.c.objc; path = ViewController.m; sourceTree = "<group>"; };
		B15F0D96264CD2F5005E1C52 /* Base */ = {isa = PBXFileReference; lastKnownFileType = file.storyboard; name = Base; path = Base.lproj/Main.storyboard; sourceTree = "<group>"; };
		B15F0D98264CD2F6005E1C52 /* Assets.xcassets */ = {isa = PBXFileReference; lastKnownFileType = folder.assetcatalog; path = Assets.xcassets; sourceTree = "<group>"; };
		B15F0D9B264CD2F6005E1C52 /* Base */ = {isa = PBXFileReference; lastKnownFileType = file.storyboard; name = Base; path = Base.lproj/LaunchScreen.storyboard; sourceTree = "<group>"; };
		B15F0D9D264CD2F6005E1C52 /* Info.plist */ = {isa = PBXFileReference; lastKnownFileType = text.plist.xml; path = Info.plist; sourceTree = "<group>"; };
		B15F0D9E264CD2F6005E1C52 /* main.m */ = {isa = PBXFileReference; lastKnownFileType = sourcecode.c.objc; path = main.m; sourceTree = "<group>"; };
		B15F0DA6264CD306005E1C52 /* JYTimer.m */ = {isa = PBXFileReference; fileEncoding = 4; lastKnownFileType = sourcecode.c.objc; path = JYTimer.m; sourceTree = "<group>"; };
		B15F0DA7264CD306005E1C52 /* JYTimer.h */ = {isa = PBXFileReference; fileEncoding = 4; lastKnownFileType = sourcecode.c.h; path = JYTimer.h; sourceTree = "<group>"; };
/* End PBXFileReference section */

/* Begin PBXFrameworksBuildPhase section */
		B15F0D86264CD2F5005E1C52 /* Frameworks */ = {
			isa = PBXFrameworksBuildPhase;
			buildActionMask = 2147483647;
			files = (
			);
			runOnlyForDeploymentPostprocessing = 0;
		};
/* End PBXFrameworksBuildPhase section */

/* Begin PBXGroup section */
		B15F0D80264CD2F5005E1C52 = {
			isa = PBXGroup;
			children = (
				B15F0D8B264CD2F5005E1C52 /* GCDTimer */,
				B15F0D8A264CD2F5005E1C52 /* Products */,
			);
			sourceTree = "<group>";
		};
		B15F0D8A264CD2F5005E1C52 /* Products */ = {
			isa = PBXGroup;
			children = (
				B15F0D89264CD2F5005E1C52 /* GCDTimer.app */,
			);
			name = Products;
			sourceTree = "<group>";
		};
		B15F0D8B264CD2F5005E1C52 /* GCDTimer */ = {
			isa = PBXGroup;
			children = (
				B15F0DA5264CD306005E1C52 /* Timer */,
				B15F0D8C264CD2F5005E1C52 /* AppDelegate.h */,
				B15F0D8D264CD2F5005E1C52 /* AppDelegate.m */,
				B15F0D8F264CD2F5005E1C52 /* SceneDelegate.h */,
				B15F0D90264CD2F5005E1C52 /* SceneDelegate.m */,
				B15F0D92264CD2F5005E1C52 /* ViewController.h */,
				B15F0D93264CD2F5005E1C52 /* ViewController.m */,
				B15F0D95264CD2F5005E1C52 /* Main.storyboard */,
				B15F0D98264CD2F6005E1C52 /* Assets.xcassets */,
				B15F0D9A264CD2F6005E1C52 /* LaunchScreen.storyboard */,
				B15F0D9D264CD2F6005E1C52 /* Info.plist */,
				B15F0D9E264CD2F6005E1C52 /* main.m */,
			);
			path = GCDTimer;
			sourceTree = "<group>";
		};
		B15F0DA5264CD306005E1C52 /* Timer */ = {
			isa = PBXGroup;
			children = (
				B15F0DA7264CD306005E1C52 /* JYTimer.h */,
				B15F0DA6264CD306005E1C52 /* JYTimer.m */,
			);
			path = Timer;
			sourceTree = "<group>";
		};
/* End PBXGroup section */

/* Begin PBXNativeTarget section */
		B15F0D88264CD2F5005E1C52 /* GCDTimer */ = {
			isa = PBXNativeTarget;
			buildConfigurationList = B15F0DA2264CD2F6005E1C52 /* Build configuration list for PBXNativeTarget "GCDTimer" */;
			buildPhases = (
				B15F0D85264CD2F5005E1C52 /* Sources */,
				B15F0D86264CD2F5005E1C52 /* Frameworks */,
				B15F0D87264CD2F5005E1C52 /* Resources */,
			);
			buildRules = (
			);
			dependencies = (
			);
			name = GCDTimer;
			productName = GCDTimer;
			productReference = B15F0D89264CD2F5005E1C52 /* GCDTimer.app */;
			productType = "com.apple.product-type.application";
		};
/* End PBXNativeTarget section */

/* Begin PBXProject section */
		B15F0D81264CD2F5005E1C52 /* Project object */ = {
			isa = PBXProject;
			attributes = {
				LastUpgradeCheck = 1250;
				TargetAttributes = {
					B15F0D88264CD2F5005E1C52 = {
						CreatedOnToolsVersion = 12.5;
					};
				};
			};
			buildConfigurationList = B15F0D84264CD2F5005E1C52 /* Build configuration list for PBXProject "GCDTimer" */;
			compatibilityVersion = "Xcode 9.3";
			developmentRegion = en;
			hasScannedForEncodings = 0;
			knownRegions = (
				en,
				Base,
			);
			mainGroup = B15F0D80264CD2F5005E1C52;
			productRefGroup = B15F0D8A264CD2F5005E1C52 /* Products */;
			projectDirPath = "";
			projectRoot = "";
			targets = (
				B15F0D88264CD2F5005E1C52 /* GCDTimer */,
			);
		};
/* End PBXProject section */

/* Begin PBXResourcesBuildPhase section */
		B15F0D87264CD2F5005E1C52 /* Resources */ = {
			isa = PBXResourcesBuildPhase;
			buildActionMask = 2147483647;
			files = (
				B15F0D9C264CD2F6005E1C52 /* LaunchScreen.storyboard in Resources */,
				B15F0D99264CD2F6005E1C52 /* Assets.xcassets in Resources */,
				B15F0D97264CD2F5005E1C52 /* Main.storyboard in Resources */,
			);
			runOnlyForDeploymentPostprocessing = 0;
		};
/* End PBXResourcesBuildPhase section */

/* Begin PBXSourcesBuildPhase section */
		B15F0D85264CD2F5005E1C52 /* Sources */ = {
			isa = PBXSourcesBuildPhase;
			buildActionMask = 2147483647;
			files = (
				B15F0D94264CD2F5005E1C52 /* ViewController.m in Sources */,
				B15F0DA8264CD306005E1C52 /* JYTimer.m in Sources */,
				B15F0D8E264CD2F5005E1C52 /* AppDelegate.m in Sources */,
				B15F0D9F264CD2F6005E1C52 /* main.m in Sources */,
				B15F0D91264CD2F5005E1C52 /* SceneDelegate.m in Sources */,
			);
			runOnlyForDeploymentPostprocessing = 0;
		};
/* End PBXSourcesBuildPhase section */

/* Begin PBXVariantGroup section */
		B15F0D95264CD2F5005E1C52 /* Main.storyboard */ = {
			isa = PBXVariantGroup;
			children = (
				B15F0D96264CD2F5005E1C52 /* Base */,
			);
			name = Main.storyboard;
			sourceTree = "<group>";
		};
		B15F0D9A264CD2F6005E1C52 /* LaunchScreen.storyboard */ = {
			isa = PBXVariantGroup;
			children = (
				B15F0D9B264CD2F6005E1C52 /* Base */,
			);
			name = LaunchScreen.storyboard;
			sourceTree = "<group>";
		};
/* End PBXVariantGroup section */

/* Begin XCBuildConfiguration section */
		B15F0DA0264CD2F6005E1C52 /* Debug */ = {
			isa = XCBuildConfiguration;
			buildSettings = {
				ALWAYS_SEARCH_USER_PATHS = NO;
				CLANG_ANALYZER_NONNULL = YES;
				CLANG_ANALYZER_NUMBER_OBJECT_CONVERSION = YES_AGGRESSIVE;
				CLANG_CXX_LANGUAGE_STANDARD = "gnu++14";
				CLANG_CXX_LIBRARY = "libc++";
				CLANG_ENABLE_MODULES = YES;
				CLANG_ENABLE_OBJC_ARC = YES;
				CLANG_ENABLE_OBJC_WEAK = YES;
				CLANG_WARN_BLOCK_CAPTURE_AUTORELEASING = YES;
				CLANG_WARN_BOOL_CONVERSION = YES;
				CLANG_WARN_COMMA = YES;
				CLANG_WARN_CONSTANT_CONVERSION = YES;
				CLANG_WARN_DEPRECATED_OBJC_IMPLEMENTATIONS = YES;
				CLANG_WARN_DIRECT_OBJC_ISA_USAGE = YES_ERROR;
				CLANG_WARN_DOCUMENTATION_COMMENTS = YES;
				CLANG_WARN_EMPTY_BODY = YES;
				CLANG_WARN_ENUM_CONVERSION = YES;
				CLANG_WARN_INFINITE_RECURSION = YES;
				CLANG_WARN_INT_CONVERSION = YES;
				CLANG_WARN_NON_LITERAL_NULL_CONVERSION = YES;
				CLANG_WARN_OBJC_IMPLICIT_RETAIN_SELF = YES;
				CLANG_WARN_OBJC_LITERAL_CONVERSION = YES;
				CLANG_WARN_OBJC_ROOT_CLASS = YES_ERROR;
				CLANG_WARN_QUOTED_INCLUDE_IN_FRAMEWORK_HEADER = YES;
				CLANG_WARN_RANGE_LOOP_ANALYSIS = YES;
				CLANG_WARN_STRICT_PROTOTYPES = YES;
				CLANG_WARN_SUSPICIOUS_MOVE = YES;
				CLANG_WARN_UNGUARDED_AVAILABILITY = YES_AGGRESSIVE;
				CLANG_WARN_UNREACHABLE_CODE = YES;
				CLANG_WARN__DUPLICATE_METHOD_MATCH = YES;
				COPY_PHASE_STRIP = NO;
				DEBUG_INFORMATION_FORMAT = dwarf;
				ENABLE_STRICT_OBJC_MSGSEND = YES;
				ENABLE_TESTABILITY = YES;
				GCC_C_LANGUAGE_STANDARD = gnu11;
				GCC_DYNAMIC_NO_PIC = NO;
				GCC_NO_COMMON_BLOCKS = YES;
				GCC_OPTIMIZATION_LEVEL = 0;
				GCC_PREPROCESSOR_DEFINITIONS = (
					"DEBUG=1",
					"$(inherited)",
				);
				GCC_WARN_64_TO_32_BIT_CONVERSION = YES;
				GCC_WARN_ABOUT_RETURN_TYPE = YES_ERROR;
				GCC_WARN_UNDECLARED_SELECTOR = YES;
				GCC_WARN_UNINITIALIZED_AUTOS = YES_AGGRESSIVE;
				GCC_WARN_UNUSED_FUNCTION = YES;
				GCC_WARN_UNUSED_VARIABLE = YES;
				IPHONEOS_DEPLOYMENT_TARGET = 14.5;
				MTL_ENABLE_DEBUG_INFO = INCLUDE_SOURCE;
				MTL_FAST_MATH = YES;
				ONLY_ACTIVE_ARCH = YES;
				SDKROOT = iphoneos;
			};
			name = Debug;
		};
		B15F0DA1264CD2F6005E1C52 /* Release */ = {
			isa = XCBuildConfiguration;
			buildSettings = {
				ALWAYS_SEARCH_USER_PATHS = NO;
				CLANG_ANALYZER_NONNULL = YES;
				CLANG_ANALYZER_NUMBER_OBJECT_CONVERSION = YES_AGGRESSIVE;
				CLANG_CXX_LANGUAGE_STANDARD = "gnu++14";
				CLANG_CXX_LIBRARY = "libc++";
				CLANG_ENABLE_MODULES = YES;
				CLANG_ENABLE_OBJC_ARC = YES;
				CLANG_ENABLE_OBJC_WEAK = YES;
				CLANG_WARN_BLOCK_CAPTURE_AUTORELEASING = YES;
				CLANG_WARN_BOOL_CONVERSION = YES;
				CLANG_WARN_COMMA = YES;
				CLANG_WARN_CONSTANT_CONVERSION = YES;
				CLANG_WARN_DEPRECATED_OBJC_IMPLEMENTATIONS = YES;
				CLANG_WARN_DIRECT_OBJC_ISA_USAGE = YES_ERROR;
				CLANG_WARN_DOCUMENTATION_COMMENTS = YES;
				CLANG_WARN_EMPTY_BODY = YES;
				CLANG_WARN_ENUM_CONVERSION = YES;
				CLANG_WARN_INFINITE_RECURSION = YES;
				CLANG_WARN_INT_CONVERSION = YES;
				CLANG_WARN_NON_LITERAL_NULL_CONVERSION = YES;
				CLANG_WARN_OBJC_IMPLICIT_RETAIN_SELF = YES;
				CLANG_WARN_OBJC_LITERAL_CONVERSION = YES;
				CLANG_WARN_OBJC_ROOT_CLASS = YES_ERROR;
				CLANG_WARN_QUOTED_INCLUDE_IN_FRAMEWORK_HEADER = YES;
				CLANG_WARN_RANGE_LOOP_ANALYSIS = YES;
				CLANG_WARN_STRICT_PROTOTYPES = YES;
				CLANG_WARN_SUSPICIOUS_MOVE = YES;
				CLANG_WARN_UNGUARDED_AVAILABILITY = YES_AGGRESSIVE;
				CLANG_WARN_UNREACHABLE_CODE = YES;
				CLANG_WARN__DUPLICATE_METHOD_MATCH = YES;
				COPY_PHASE_STRIP = NO;
				DEBUG_INFORMATION_FORMAT = "dwarf-with-dsym";
				ENABLE_NS_ASSERTIONS = NO;
				ENABLE_STRICT_OBJC_MSGSEND = YES;
				GCC_C_LANGUAGE_STANDARD = gnu11;
				GCC_NO_COMMON_BLOCKS = YES;
				GCC_WARN_64_TO_32_BIT_CONVERSION = YES;
				GCC_WARN_ABOUT_RETURN_TYPE = YES_ERROR;
				GCC_WARN_UNDECLARED_SELECTOR = YES;
				GCC_WARN_UNINITIALIZED_AUTOS = YES_AGGRESSIVE;
				GCC_WARN_UNUSED_FUNCTION = YES;
				GCC_WARN_UNUSED_VARIABLE = YES;
				IPHONEOS_DEPLOYMENT_TARGET = 14.5;
				MTL_ENABLE_DEBUG_INFO = NO;
				MTL_FAST_MATH = YES;
				SDKROOT = iphoneos;
				VALIDATE_PRODUCT = YES;
			};
			name = Release;
		};
		B15F0DA3264CD2F6005E1C52 /* Debug */ = {
			isa = XCBuildConfiguration;
			buildSettings = {
				ASSETCATALOG_COMPILER_APPICON_NAME = AppIcon;
				ASSETCATALOG_COMPILER_GLOBAL_ACCENT_COLOR_NAME = AccentColor;
				CODE_SIGN_STYLE = Automatic;
				DEVELOPMENT_TEAM = 575CK34YSU;
				INFOPLIST_FILE = GCDTimer/Info.plist;
				LD_RUNPATH_SEARCH_PATHS = (
					"$(inherited)",
					"@executable_path/Frameworks",
				);
				PRODUCT_BUNDLE_IDENTIFIER = com.imo.GCDTimer;
				PRODUCT_NAME = "$(TARGET_NAME)";
				TARGETED_DEVICE_FAMILY = "1,2";
			};
			name = Debug;
		};
		B15F0DA4264CD2F6005E1C52 /* Release */ = {
			isa = XCBuildConfiguration;
			buildSettings = {
				ASSETCATALOG_COMPILER_APPICON_NAME = AppIcon;
				ASSETCATALOG_COMPILER_GLOBAL_ACCENT_COLOR_NAME = AccentColor;
				CODE_SIGN_STYLE = Automatic;
				DEVELOPMENT_TEAM = 575CK34YSU;
				INFOPLIST_FILE = GCDTimer/Info.plist;
				LD_RUNPATH_SEARCH_PATHS = (
					"$(inherited)",
					"@executable_path/Frameworks",
				);
				PRODUCT_BUNDLE_IDENTIFIER = com.imo.GCDTimer;
				PRODUCT_NAME = "$(TARGET_NAME)";
				TARGETED_DEVICE_FAMILY = "1,2";
			};
			name = Release;
		};
/* End XCBuildConfiguration section */

/* Begin XCConfigurationList section */
		B15F0D84264CD2F5005E1C52 /* Build configuration list for PBXProject "GCDTimer" */ = {
			isa = XCConfigurationList;
			buildConfigurations = (
				B15F0DA0264CD2F6005E1C52 /* Debug */,
				B15F0DA1264CD2F6005E1C52 /* Release */,
			);
			defaultConfigurationIsVisible = 0;
			defaultConfigurationName = Release;
		};
		B15F0DA2264CD2F6005E1C52 /* Build configuration list for PBXNativeTarget "GCDTimer" */ = {
			isa = XCConfigurationList;
			buildConfigurations = (
				B15F0DA3264CD2F6005E1C52 /* Debug */,
				B15F0DA4264CD2F6005E1C52 /* Release */,
			);
			defaultConfigurationIsVisible = 0;
			defaultConfigurationName = Release;
		};
/* End XCConfigurationList section */
	};
	rootObject = B15F0D81264CD2F5005E1C52 /* Project object */;
}
